
Microsoft Visual Studio Solution File, Format Version 12.00
# Visual Studio Version 17
VisualStudioVersion = 17.14.37216.2 d17.14
MinimumVisualStudioVersion = 10.0.40219.1
Project("{2150E333-8FDC-42A3-9474-1A3956D46DE8}") = "Services", "Services", "{02EA681E-C7D8-13C7-8484-4AC65E1B71E8}"
EndProject
Project("{FAE04EC0-301F-11D3-BF4B-00C04F79EFBC}") = "ContentService", "ContentService\ContentService.csproj", "{01715763-3286-4076-B96A-5C9593E38FC1}"
EndProject
Project("{E53339B2-1760-4266-BCC7-CA923CBCF16C}") = "docker-compose", "docker-compose.dcproj", "{81DDED9D-158B-E303-5F62-77A2896D2A5A}"
EndProject
Project("{FAE04EC0-301F-11D3-BF4B-00C04F79EFBC}") = "Consumer", "Consumer\Consumer.csproj", "{84845D5E-2DBF-48AC-AB92-748778445CA5}"
EndProject
Project("{FAE04EC0-301F-11D3-BF4B-00C04F79EFBC}") = "Publisher", "Publisher\Publisher.csproj", "{5F11BF55-6F85-4A6E-9B46-8100C86DDBD7}"
EndProject
Project("{FAE04EC0-301F-11D3-BF4B-00C04F79EFBC}") = "Event.Bus", "Event.Bus\Event.Bus.csproj", "{27F9EDE8-8998-4C7A-A377-0DE506A40433}"
EndProject
Project("{FAE04EC0-301F-11D3-BF4B-00C04F79EFBC}") = "AuthApi", "AuthApi\AuthApi.csproj", "{89B6D335-2F2A-437D-8626-55D0EF2C0ECA}"
EndProject
Project("{FAE04EC0-301F-11D3-BF4B-00C04F79EFBC}") = "OrdersApi", "OrdersApi\OrdersApi.csproj", "{3DA8BB78-AFC8-4521-A326-9B1338023D0E}"
EndProject
Project("{FAE04EC0-301F-11D3-BF4B-00C04F79EFBC}") = "ApiGateway", "ApiGateway\ApiGateway.csproj", "{6BF40269-0F10-4E6D-953D-D25F8E809368}"
EndProject
Global
	GlobalSection(SolutionConfigurationPlatforms) = preSolution
		Debug|Any CPU = Debug|Any CPU
		Release|Any CPU = Release|Any CPU
	EndGlobalSection
	GlobalSection(ProjectConfigurationPlatforms) = postSolution
		{01715763-3286-4076-B96A-5C9593E38FC1}.Debug|Any CPU.ActiveCfg = Debug|Any CPU
		{01715763-3286-4076-B96A-5C9593E38FC1}.Debug|Any CPU.Build.0 = Debug|Any CPU
		{01715763-3286-4076-B96A-5C9593E38FC1}.Release|Any CPU.ActiveCfg = Release|Any CPU
		{01715763-3286-4076-B96A-5C9593E38FC1}.Release|Any CPU.Build.0 = Release|Any CPU
		{81DDED9D-158B-E303-5F62-77A2896D2A5A}.Debug|Any CPU.ActiveCfg = Debug|Any CPU
		{81DDED9D-158B-E303-5F62-77A2896D2A5A}.Debug|Any CPU.Build.0 = Debug|Any CPU
		{81DDED9D-158B-E303-5F62-77A2896D2A5A}.Release|Any CPU.ActiveCfg = Release|Any CPU
		{81DDED9D-158B-E303-5F62-77A2896D2A5A}.Release|Any CPU.Build.0 = Release|Any CPU
		{84845D5E-2DBF-48AC-AB92-748778445CA5}.Debug|Any CPU.ActiveCfg = Debug|Any CPU
		{84845D5E-2DBF-48AC-AB92-748778445CA5}.Debug|Any CPU.Build.0 = Debug|Any CPU
		{84845D5E-2DBF-48AC-AB92-748778445CA5}.Release|Any CPU.ActiveCfg = Release|Any CPU
		{84845D5E-2DBF-48AC-AB92-748778445CA5}.Release|Any CPU.Build.0 = Release|Any CPU
		{5F11BF55-6F85-4A6E-9B46-8100C86DDBD7}.Debug|Any CPU.ActiveCfg = Debug|Any CPU
		{5F11BF55-6F85-4A6E-9B46-8100C86DDBD7}.Debug|Any CPU.Build.0 = Debug|Any CPU
		{5F11BF55-6F85-4A6E-9B46-8100C86DDBD7}.Release|Any CPU.ActiveCfg = Release|Any CPU
		{5F11BF55-6F85-4A6E-9B46-8100C86DDBD7}.Release|Any CPU.Build.0 = Release|Any CPU
		{27F9EDE8-8998-4C7A-A377-0DE506A40433}.Debug|Any CPU.ActiveCfg = Debug|Any CPU
		{27F9EDE8-8998-4C7A-A377-0DE506A40433}.Debug|Any CPU.Build.0 = Debug|Any CPU
		{27F9EDE8-8998-4C7A-A377-0DE506A40433}.Release|Any CPU.ActiveCfg = Release|Any CPU
		{27F9EDE8-8998-4C7A-A377-0DE506A40433}.Release|Any CPU.Build.0 = Release|Any CPU
		{89B6D335-2F2A-437D-8626-55D0EF2C0ECA}.Debug|Any CPU.ActiveCfg = Debug|Any CPU
		{89B6D335-2F2A-437D-8626-55D0EF2C0ECA}.Debug|Any CPU.Build.0 = Debug|Any CPU
		{89B6D335-2F2A-437D-8626-55D0EF2C0ECA}.Release|Any CPU.ActiveCfg = Release|Any CPU
		{89B6D335-2F2A-437D-8626-55D0EF2C0ECA}.Release|Any CPU.Build.0 = Release|Any CPU
		{3DA8BB78-AFC8-4521-A326-9B1338023D0E}.Debug|Any CPU.ActiveCfg = Debug|Any CPU
		{3DA8BB78-AFC8-4521-A326-9B1338023D0E}.Debug|Any CPU.Build.0 = Debug|Any CPU
		{3DA8BB78-AFC8-4521-A326-9B1338023D0E}.Release|Any CPU.ActiveCfg = Release|Any CPU
		{3DA8BB78-AFC8-4521-A326-9B1338023D0E}.Release|Any CPU.Build.0 = Release|Any CPU
		{6BF40269-0F10-4E6D-953D-D25F8E809368}.Debug|Any CPU.ActiveCfg = Debug|Any CPU
		{6BF40269-0F10-4E6D-953D-D25F8E809368}.Debug|Any CPU.Build.0 = Debug|Any CPU
		{6BF40269-0F10-4E6D-953D-D25F8E809368}.Release|Any CPU.ActiveCfg = Release|Any CPU
		{6BF40269-0F10-4E6D-953D-D25F8E809368}.Release|Any CPU.Build.0 = Release|Any CPU
	EndGlobalSection
	GlobalSection(SolutionProperties) = preSolution
		HideSolutionNode = FALSE
	EndGlobalSection
	GlobalSection(NestedProjects) = preSolution
		{01715763-3286-4076-B96A-5C9593E38FC1} = {02EA681E-C7D8-13C7-8484-4AC65E1B71E8}
		{84845D5E-2DBF-48AC-AB92-748778445CA5} = {02EA681E-C7D8-13C7-8484-4AC65E1B71E8}
		{5F11BF55-6F85-4A6E-9B46-8100C86DDBD7} = {02EA681E-C7D8-13C7-8484-4AC65E1B71E8}
		{27F9EDE8-8998-4C7A-A377-0DE506A40433} = {02EA681E-C7D8-13C7-8484-4AC65E1B71E8}
		{89B6D335-2F2A-437D-8626-55D0EF2C0ECA} = {02EA681E-C7D8-13C7-8484-4AC65E1B71E8}
		{3DA8BB78-AFC8-4521-A326-9B1338023D0E} = {02EA681E-C7D8-13C7-8484-4AC65E1B71E8}
		{6BF40269-0F10-4E6D-953D-D25F8E809368} = {02EA681E-C7D8-13C7-8484-4AC65E1B71E8}
	EndGlobalSection
	GlobalSection(ExtensibilityGlobals) = postSolution
		SolutionGuid = {BB7B1219-5A1F-4C8E-845E-0401628CCAFE}
	EndGlobalSection
EndGlobal
